
Microsoft Visual Studio Solution File, Format Version 12.00
# Visual Studio 15
VisualStudioVersion = 15.0.28307.779
MinimumVisualStudioVersion = 10.0.40219.1
Project("{FAE04EC0-301F-11D3-BF4B-00C04F79EFBC}") = "SmallBusinessManagementApp", "SmallBusinessManagementApp\SmallBusinessManagementApp.csproj", "{8D1A09A0-99DC-4E5C-A58B-2565BF8BA445}"
EndProject
Global
	GlobalSection(SolutionConfigurationPlatforms) = preSolution
		Debug|Any CPU = Debug|Any CPU
		Release|Any CPU = Release|Any CPU
	EndGlobalSection
	GlobalSection(ProjectConfigurationPlatforms) = postSolution
		{8D1A09A0-99DC-4E5C-A58B-2565BF8BA445}.Debug|Any CPU.ActiveCfg = Debug|Any CPU
		{8D1A09A0-99DC-4E5C-A58B-2565BF8BA445}.Debug|Any CPU.Build.0 = Debug|Any CPU
		{8D1A09A0-99DC-4E5C-A58B-2565BF8BA445}.Release|Any CPU.ActiveCfg = Release|Any CPU
		{8D1A09A0-99DC-4E5C-A58B-2565BF8BA445}.Release|Any CPU.Build.0 = Release|Any CPU
	EndGlobalSection
	GlobalSection(SolutionProperties) = preSolution
		HideSolutionNode = FALSE
	EndGlobalSection
	GlobalSection(ExtensibilityGlobals) = postSolution
		SolutionGuid = {7C2F9ED0-08A9-423A-9DBF-15526E2781CF}
	EndGlobalSection
EndGlobal
